// !$*UTF8*$!
{
	archiveVersion = 1;
	classes = {
	};
	objectVersion = 50;
	objects = {

/* Begin PBXBuildFile section */
		365004E720BFDE6A001599A2 /* MainSceneViewController.swift in Sources */ = {isa = PBXBuildFile; fileRef = 365004E620BFDE6A001599A2 /* MainSceneViewController.swift */; };
		36C6BA2020B7EEB0009E9753 /* MainSceneFunctions.swift in Sources */ = {isa = PBXBuildFile; fileRef = 36C6BA1F20B7EEB0009E9753 /* MainSceneFunctions.swift */; };
		3B88DC5020D2863C002388F2 /* ModifyViewController.swift in Sources */ = {isa = PBXBuildFile; fileRef = 3B88DC4F20D2863C002388F2 /* ModifyViewController.swift */; };
		EE4DB90520AEC8610015EDC4 /* Functions.swift in Sources */ = {isa = PBXBuildFile; fileRef = EE4DB90420AEC8610015EDC4 /* Functions.swift */; };
		EEBCE03220887C060033D5E7 /* AppDelegate.swift in Sources */ = {isa = PBXBuildFile; fileRef = EEBCE03120887C060033D5E7 /* AppDelegate.swift */; };
		EEBCE03420887C060033D5E7 /* ViewController.swift in Sources */ = {isa = PBXBuildFile; fileRef = EEBCE03320887C060033D5E7 /* ViewController.swift */; };
		EEBCE03720887C060033D5E7 /* Main.storyboard in Resources */ = {isa = PBXBuildFile; fileRef = EEBCE03520887C060033D5E7 /* Main.storyboard */; };
		EEBCE03920887C070033D5E7 /* Assets.xcassets in Resources */ = {isa = PBXBuildFile; fileRef = EEBCE03820887C070033D5E7 /* Assets.xcassets */; };
		EEBCE03C20887C070033D5E7 /* LaunchScreen.storyboard in Resources */ = {isa = PBXBuildFile; fileRef = EEBCE03A20887C070033D5E7 /* LaunchScreen.storyboard */; };
		EEBCE04720887C070033D5E7 /* Wish_ListTests.swift in Sources */ = {isa = PBXBuildFile; fileRef = EEBCE04620887C070033D5E7 /* Wish_ListTests.swift */; };
		EEBCE05220887C070033D5E7 /* Wish_ListUITests.swift in Sources */ = {isa = PBXBuildFile; fileRef = EEBCE05120887C070033D5E7 /* Wish_ListUITests.swift */; };
		EEBCE06020887C670033D5E7 /* classes.swift in Sources */ = {isa = PBXBuildFile; fileRef = EEBCE05F20887C670033D5E7 /* classes.swift */; };
		EEBCE06420888B650033D5E7 /* WishItemsTableViewController.swift in Sources */ = {isa = PBXBuildFile; fileRef = EEBCE06320888B650033D5E7 /* WishItemsTableViewController.swift */; };
		EED5E8AD20C935A4001B5F6A /* AddItemViewController.swift in Sources */ = {isa = PBXBuildFile; fileRef = EED5E8AC20C935A4001B5F6A /* AddItemViewController.swift */; };
		EED5E8AF20CA6517001B5F6A /* Detail_Info_Controller.swift in Sources */ = {isa = PBXBuildFile; fileRef = EED5E8AE20CA6517001B5F6A /* Detail_Info_Controller.swift */; };
		EEEFE6B820D809E200D4345B /* Money_History_Controller.swift in Sources */ = {isa = PBXBuildFile; fileRef = EEEFE6B720D809E200D4345B /* Money_History_Controller.swift */; };
		EEEFE6BA20DA2E9300D4345B /* navicontroller.swift in Sources */ = {isa = PBXBuildFile; fileRef = EEEFE6B920DA2E9300D4345B /* navicontroller.swift */; };
/* End PBXBuildFile section */

/* Begin PBXContainerItemProxy section */
		EEBCE04320887C070033D5E7 /* PBXContainerItemProxy */ = {
			isa = PBXContainerItemProxy;
			containerPortal = EEBCE02620887C060033D5E7 /* Project object */;
			proxyType = 1;
			remoteGlobalIDString = EEBCE02D20887C060033D5E7;
			remoteInfo = Wish_List;
		};
		EEBCE04E20887C070033D5E7 /* PBXContainerItemProxy */ = {
			isa = PBXContainerItemProxy;
			containerPortal = EEBCE02620887C060033D5E7 /* Project object */;
			proxyType = 1;
			remoteGlobalIDString = EEBCE02D20887C060033D5E7;
			remoteInfo = Wish_List;
		};
/* End PBXContainerItemProxy section */

/* Begin PBXFileReference section */
		365004E620BFDE6A001599A2 /* MainSceneViewController.swift */ = {isa = PBXFileReference; lastKnownFileType = sourcecode.swift; path = MainSceneViewController.swift; sourceTree = "<group>"; };
		36C6BA1F20B7EEB0009E9753 /* MainSceneFunctions.swift */ = {isa = PBXFileReference; lastKnownFileType = sourcecode.swift; path = MainSceneFunctions.swift; sourceTree = "<group>"; };
		3B88DC4F20D2863C002388F2 /* ModifyViewController.swift */ = {isa = PBXFileReference; lastKnownFileType = sourcecode.swift; path = ModifyViewController.swift; sourceTree = "<group>"; };
		EE4DB90420AEC8610015EDC4 /* Functions.swift */ = {isa = PBXFileReference; lastKnownFileType = sourcecode.swift; path = Functions.swift; sourceTree = "<group>"; };
		EEBCE02E20887C060033D5E7 /* Wish_List.app */ = {isa = PBXFileReference; explicitFileType = wrapper.application; includeInIndex = 0; path = Wish_List.app; sourceTree = BUILT_PRODUCTS_DIR; };
		EEBCE03120887C060033D5E7 /* AppDelegate.swift */ = {isa = PBXFileReference; lastKnownFileType = sourcecode.swift; path = AppDelegate.swift; sourceTree = "<group>"; };
		EEBCE03320887C060033D5E7 /* ViewController.swift */ = {isa = PBXFileReference; lastKnownFileType = sourcecode.swift; path = ViewController.swift; sourceTree = "<group>"; };
		EEBCE03620887C060033D5E7 /* Base */ = {isa = PBXFileReference; lastKnownFileType = file.storyboard; name = Base; path = Base.lproj/Main.storyboard; sourceTree = "<group>"; };
		EEBCE03820887C070033D5E7 /* Assets.xcassets */ = {isa = PBXFileReference; lastKnownFileType = folder.assetcatalog; path = Assets.xcassets; sourceTree = "<group>"; };
		EEBCE03B20887C070033D5E7 /* Base */ = {isa = PBXFileReference; lastKnownFileType = file.storyboard; name = Base; path = Base.lproj/LaunchScreen.storyboard; sourceTree = "<group>"; };
		EEBCE03D20887C070033D5E7 /* Info.plist */ = {isa = PBXFileReference; lastKnownFileType = text.plist.xml; path = Info.plist; sourceTree = "<group>"; };
		EEBCE04220887C070033D5E7 /* Wish_ListTests.xctest */ = {isa = PBXFileReference; explicitFileType = wrapper.cfbundle; includeInIndex = 0; path = Wish_ListTests.xctest; sourceTree = BUILT_PRODUCTS_DIR; };
		EEBCE04620887C070033D5E7 /* Wish_ListTests.swift */ = {isa = PBXFileReference; lastKnownFileType = sourcecode.swift; path = Wish_ListTests.swift; sourceTree = "<group>"; };
		EEBCE04820887C070033D5E7 /* Info.plist */ = {isa = PBXFileReference; lastKnownFileType = text.plist.xml; path = Info.plist; sourceTree = "<group>"; };
		EEBCE04D20887C070033D5E7 /* Wish_ListUITests.xctest */ = {isa = PBXFileReference; explicitFileType = wrapper.cfbundle; includeInIndex = 0; path = Wish_ListUITests.xctest; sourceTree = BUILT_PRODUCTS_DIR; };
		EEBCE05120887C070033D5E7 /* Wish_ListUITests.swift */ = {isa = PBXFileReference; lastKnownFileType = sourcecode.swift; path = Wish_ListUITests.swift; sourceTree = "<group>"; };
		EEBCE05320887C070033D5E7 /* Info.plist */ = {isa = PBXFileReference; lastKnownFileType = text.plist.xml; path = Info.plist; sourceTree = "<group>"; };
		EEBCE05F20887C670033D5E7 /* classes.swift */ = {isa = PBXFileReference; lastKnownFileType = sourcecode.swift; path = classes.swift; sourceTree = "<group>"; };
		EEBCE06320888B650033D5E7 /* WishItemsTableViewController.swift */ = {isa = PBXFileReference; lastKnownFileType = sourcecode.swift; path = WishItemsTableViewController.swift; sourceTree = "<group>"; };
		EED5E8AC20C935A4001B5F6A /* AddItemViewController.swift */ = {isa = PBXFileReference; fileEncoding = 4; lastKnownFileType = sourcecode.swift; path = AddItemViewController.swift; sourceTree = "<group>"; };
		EED5E8AE20CA6517001B5F6A /* Detail_Info_Controller.swift */ = {isa = PBXFileReference; lastKnownFileType = sourcecode.swift; path = Detail_Info_Controller.swift; sourceTree = "<group>"; };
		EEEFE6B720D809E200D4345B /* Money_History_Controller.swift */ = {isa = PBXFileReference; lastKnownFileType = sourcecode.swift; path = Money_History_Controller.swift; sourceTree = "<group>"; };
		EEEFE6B920DA2E9300D4345B /* navicontroller.swift */ = {isa = PBXFileReference; lastKnownFileType = sourcecode.swift; path = navicontroller.swift; sourceTree = "<group>"; };
/* End PBXFileReference section */

/* Begin PBXFrameworksBuildPhase section */
		EEBCE02B20887C060033D5E7 /* Frameworks */ = {
			isa = PBXFrameworksBuildPhase;
			buildActionMask = 2147483647;
			files = (
			);
			runOnlyForDeploymentPostprocessing = 0;
		};
		EEBCE03F20887C070033D5E7 /* Frameworks */ = {
			isa = PBXFrameworksBuildPhase;
			buildActionMask = 2147483647;
			files = (
			);
			runOnlyForDeploymentPostprocessing = 0;
		};
		EEBCE04A20887C070033D5E7 /* Frameworks */ = {
			isa = PBXFrameworksBuildPhase;
			buildActionMask = 2147483647;
			files = (
			);
			runOnlyForDeploymentPostprocessing = 0;
		};
/* End PBXFrameworksBuildPhase section */

/* Begin PBXGroup section */
		EEBCE02520887C060033D5E7 = {
			isa = PBXGroup;
			children = (
				EEBCE03020887C060033D5E7 /* Wish_List */,
				EEBCE04520887C070033D5E7 /* Wish_ListTests */,
				EEBCE05020887C070033D5E7 /* Wish_ListUITests */,
				EEBCE02F20887C060033D5E7 /* Products */,
			);
			sourceTree = "<group>";
		};
		EEBCE02F20887C060033D5E7 /* Products */ = {
			isa = PBXGroup;
			children = (
				EEBCE02E20887C060033D5E7 /* Wish_List.app */,
				EEBCE04220887C070033D5E7 /* Wish_ListTests.xctest */,
				EEBCE04D20887C070033D5E7 /* Wish_ListUITests.xctest */,
			);
			name = Products;
			sourceTree = "<group>";
		};
		EEBCE03020887C060033D5E7 /* Wish_List */ = {
			isa = PBXGroup;
			children = (
				EED5E8AC20C935A4001B5F6A /* AddItemViewController.swift */,
				EEBCE03120887C060033D5E7 /* AppDelegate.swift */,
				EEBCE05F20887C670033D5E7 /* classes.swift */,
				EEBCE03320887C060033D5E7 /* ViewController.swift */,
				EEBCE03520887C060033D5E7 /* Main.storyboard */,
				EEBCE03820887C070033D5E7 /* Assets.xcassets */,
				EEBCE03A20887C070033D5E7 /* LaunchScreen.storyboard */,
				EEBCE03D20887C070033D5E7 /* Info.plist */,
				EEBCE06320888B650033D5E7 /* WishItemsTableViewController.swift */,
				EE4DB90420AEC8610015EDC4 /* Functions.swift */,
				365004E620BFDE6A001599A2 /* MainSceneViewController.swift */,
				36C6BA1F20B7EEB0009E9753 /* MainSceneFunctions.swift */,
				EED5E8AE20CA6517001B5F6A /* Detail_Info_Controller.swift */,
				3B88DC4F20D2863C002388F2 /* ModifyViewController.swift */,
				EEEFE6B720D809E200D4345B /* Money_History_Controller.swift */,
				EEEFE6B920DA2E9300D4345B /* navicontroller.swift */,
			);
			path = Wish_List;
			sourceTree = "<group>";
		};
		EEBCE04520887C070033D5E7 /* Wish_ListTests */ = {
			isa = PBXGroup;
			children = (
				EEBCE04620887C070033D5E7 /* Wish_ListTests.swift */,
				EEBCE04820887C070033D5E7 /* Info.plist */,
			);
			path = Wish_ListTests;
			sourceTree = "<group>";
		};
		EEBCE05020887C070033D5E7 /* Wish_ListUITests */ = {
			isa = PBXGroup;
			children = (
				EEBCE05120887C070033D5E7 /* Wish_ListUITests.swift */,
				EEBCE05320887C070033D5E7 /* Info.plist */,
			);
			path = Wish_ListUITests;
			sourceTree = "<group>";
		};
/* End PBXGroup section */

/* Begin PBXNativeTarget section */
		EEBCE02D20887C060033D5E7 /* Wish_List */ = {
			isa = PBXNativeTarget;
			buildConfigurationList = EEBCE05620887C070033D5E7 /* Build configuration list for PBXNativeTarget "Wish_List" */;
			buildPhases = (
				EEBCE02A20887C060033D5E7 /* Sources */,
				EEBCE02B20887C060033D5E7 /* Frameworks */,
				EEBCE02C20887C060033D5E7 /* Resources */,
			);
			buildRules = (
			);
			dependencies = (
			);
			name = Wish_List;
			productName = Wish_List;
			productReference = EEBCE02E20887C060033D5E7 /* Wish_List.app */;
			productType = "com.apple.product-type.application";
		};
		EEBCE04120887C070033D5E7 /* Wish_ListTests */ = {
			isa = PBXNativeTarget;
			buildConfigurationList = EEBCE05920887C070033D5E7 /* Build configuration list for PBXNativeTarget "Wish_ListTests" */;
			buildPhases = (
				EEBCE03E20887C070033D5E7 /* Sources */,
				EEBCE03F20887C070033D5E7 /* Frameworks */,
				EEBCE04020887C070033D5E7 /* Resources */,
			);
			buildRules = (
			);
			dependencies = (
				EEBCE04420887C070033D5E7 /* PBXTargetDependency */,
			);
			name = Wish_ListTests;
			productName = Wish_ListTests;
			productReference = EEBCE04220887C070033D5E7 /* Wish_ListTests.xctest */;
			productType = "com.apple.product-type.bundle.unit-test";
		};
		EEBCE04C20887C070033D5E7 /* Wish_ListUITests */ = {
			isa = PBXNativeTarget;
			buildConfigurationList = EEBCE05C20887C070033D5E7 /* Build configuration list for PBXNativeTarget "Wish_ListUITests" */;
			buildPhases = (
				EEBCE04920887C070033D5E7 /* Sources */,
				EEBCE04A20887C070033D5E7 /* Frameworks */,
				EEBCE04B20887C070033D5E7 /* Resources */,
			);
			buildRules = (
			);
			dependencies = (
				EEBCE04F20887C070033D5E7 /* PBXTargetDependency */,
			);
			name = Wish_ListUITests;
			productName = Wish_ListUITests;
			productReference = EEBCE04D20887C070033D5E7 /* Wish_ListUITests.xctest */;
			productType = "com.apple.product-type.bundle.ui-testing";
		};
/* End PBXNativeTarget section */

/* Begin PBXProject section */
		EEBCE02620887C060033D5E7 /* Project object */ = {
			isa = PBXProject;
			attributes = {
				LastSwiftUpdateCheck = 0930;
				LastUpgradeCheck = 0930;
				ORGANIZATIONNAME = test;
				TargetAttributes = {
					EEBCE02D20887C060033D5E7 = {
						CreatedOnToolsVersion = 9.3;
					};
					EEBCE04120887C070033D5E7 = {
						CreatedOnToolsVersion = 9.3;
						TestTargetID = EEBCE02D20887C060033D5E7;
					};
					EEBCE04C20887C070033D5E7 = {
						CreatedOnToolsVersion = 9.3;
						TestTargetID = EEBCE02D20887C060033D5E7;
					};
				};
			};
			buildConfigurationList = EEBCE02920887C060033D5E7 /* Build configuration list for PBXProject "Wish_List" */;
			compatibilityVersion = "Xcode 9.3";
			developmentRegion = en;
			hasScannedForEncodings = 0;
			knownRegions = (
				en,
				Base,
			);
			mainGroup = EEBCE02520887C060033D5E7;
			productRefGroup = EEBCE02F20887C060033D5E7 /* Products */;
			projectDirPath = "";
			projectRoot = "";
			targets = (
				EEBCE02D20887C060033D5E7 /* Wish_List */,
				EEBCE04120887C070033D5E7 /* Wish_ListTests */,
				EEBCE04C20887C070033D5E7 /* Wish_ListUITests */,
			);
		};
/* End PBXProject section */

/* Begin PBXResourcesBuildPhase section */
		EEBCE02C20887C060033D5E7 /* Resources */ = {
			isa = PBXResourcesBuildPhase;
			buildActionMask = 2147483647;
			files = (
				EEBCE03C20887C070033D5E7 /* LaunchScreen.storyboard in Resources */,
				EEBCE03920887C070033D5E7 /* Assets.xcassets in Resources */,
				EEBCE03720887C060033D5E7 /* Main.storyboard in Resources */,
			);
			runOnlyForDeploymentPostprocessing = 0;
		};
		EEBCE04020887C070033D5E7 /* Resources */ = {
			isa = PBXResourcesBuildPhase;
			buildActionMask = 2147483647;
			files = (
			);
			runOnlyForDeploymentPostprocessing = 0;
		};
		EEBCE04B20887C070033D5E7 /* Resources */ = {
			isa = PBXResourcesBuildPhase;
			buildActionMask = 2147483647;
			files = (
			);
			runOnlyForDeploymentPostprocessing = 0;
		};
/* End PBXResourcesBuildPhase section */

/* Begin PBXSourcesBuildPhase section */
		EEBCE02A20887C060033D5E7 /* Sources */ = {
			isa = PBXSourcesBuildPhase;
			buildActionMask = 2147483647;
			files = (
				EEEFE6B820D809E200D4345B /* Money_History_Controller.swift in Sources */,
				EEBCE06020887C670033D5E7 /* classes.swift in Sources */,
				EED5E8AF20CA6517001B5F6A /* Detail_Info_Controller.swift in Sources */,
				36C6BA2020B7EEB0009E9753 /* MainSceneFunctions.swift in Sources */,
				365004E720BFDE6A001599A2 /* MainSceneViewController.swift in Sources */,
				EEBCE06420888B650033D5E7 /* WishItemsTableViewController.swift in Sources */,
				EEBCE03420887C060033D5E7 /* ViewController.swift in Sources */,
				EED5E8AD20C935A4001B5F6A /* AddItemViewController.swift in Sources */,
				EE4DB90520AEC8610015EDC4 /* Functions.swift in Sources */,
				EEEFE6BA20DA2E9300D4345B /* navicontroller.swift in Sources */,
				3B88DC5020D2863C002388F2 /* ModifyViewController.swift in Sources */,
				EEBCE03220887C060033D5E7 /* AppDelegate.swift in Sources */,
			);
			runOnlyForDeploymentPostprocessing = 0;
		};
		EEBCE03E20887C070033D5E7 /* Sources */ = {
			isa = PBXSourcesBuildPhase;
			buildActionMask = 2147483647;
			files = (
				EEBCE04720887C070033D5E7 /* Wish_ListTests.swift in Sources */,
			);
			runOnlyForDeploymentPostprocessing = 0;
		};
		EEBCE04920887C070033D5E7 /* Sources */ = {
			isa = PBXSourcesBuildPhase;
			buildActionMask = 2147483647;
			files = (
				EEBCE05220887C070033D5E7 /* Wish_ListUITests.swift in Sources */,
			);
			runOnlyForDeploymentPostprocessing = 0;
		};
/* End PBXSourcesBuildPhase section */

/* Begin PBXTargetDependency section */
		EEBCE04420887C070033D5E7 /* PBXTargetDependency */ = {
			isa = PBXTargetDependency;
			target = EEBCE02D20887C060033D5E7 /* Wish_List */;
			targetProxy = EEBCE04320887C070033D5E7 /* PBXContainerItemProxy */;
		};
		EEBCE04F20887C070033D5E7 /* PBXTargetDependency */ = {
			isa = PBXTargetDependency;
			target = EEBCE02D20887C060033D5E7 /* Wish_List */;
			targetProxy = EEBCE04E20887C070033D5E7 /* PBXContainerItemProxy */;
		};
/* End PBXTargetDependency section */

/* Begin PBXVariantGroup section */
		EEBCE03520887C060033D5E7 /* Main.storyboard */ = {
			isa = PBXVariantGroup;
			children = (
				EEBCE03620887C060033D5E7 /* Base */,
			);
			name = Main.storyboard;
			sourceTree = "<group>";
		};
		EEBCE03A20887C070033D5E7 /* LaunchScreen.storyboard */ = {
			isa = PBXVariantGroup;
			children = (
				EEBCE03B20887C070033D5E7 /* Base */,
			);
			name = LaunchScreen.storyboard;
			sourceTree = "<group>";
		};
/* End PBXVariantGroup section */

/* Begin XCBuildConfiguration section */
		EEBCE05420887C070033D5E7 /* Debug */ = {
			isa = XCBuildConfiguration;
			buildSettings = {
				ALWAYS_SEARCH_USER_PATHS = NO;
				CLANG_ANALYZER_NONNULL = YES;
				CLANG_ANALYZER_NUMBER_OBJECT_CONVERSION = YES_AGGRESSIVE;
				CLANG_CXX_LANGUAGE_STANDARD = "gnu++14";
				CLANG_CXX_LIBRARY = "libc++";
				CLANG_ENABLE_MODULES = YES;
				CLANG_ENABLE_OBJC_ARC = YES;
				CLANG_ENABLE_OBJC_WEAK = YES;
				CLANG_WARN_BLOCK_CAPTURE_AUTORELEASING = YES;
				CLANG_WARN_BOOL_CONVERSION = YES;
				CLANG_WARN_COMMA = YES;
				CLANG_WARN_CONSTANT_CONVERSION = YES;
				CLANG_WARN_DEPRECATED_OBJC_IMPLEMENTATIONS = YES;
				CLANG_WARN_DIRECT_OBJC_ISA_USAGE = YES_ERROR;
				CLANG_WARN_DOCUMENTATION_COMMENTS = YES;
				CLANG_WARN_EMPTY_BODY = YES;
				CLANG_WARN_ENUM_CONVERSION = YES;
				CLANG_WARN_INFINITE_RECURSION = YES;
				CLANG_WARN_INT_CONVERSION = YES;
				CLANG_WARN_NON_LITERAL_NULL_CONVERSION = YES;
				CLANG_WARN_OBJC_IMPLICIT_RETAIN_SELF = YES;
				CLANG_WARN_OBJC_LITERAL_CONVERSION = YES;
				CLANG_WARN_OBJC_ROOT_CLASS = YES_ERROR;
				CLANG_WARN_RANGE_LOOP_ANALYSIS = YES;
				CLANG_WARN_STRICT_PROTOTYPES = YES;
				CLANG_WARN_SUSPICIOUS_MOVE = YES;
				CLANG_WARN_UNGUARDED_AVAILABILITY = YES_AGGRESSIVE;
				CLANG_WARN_UNREACHABLE_CODE = YES;
				CLANG_WARN__DUPLICATE_METHOD_MATCH = YES;
				CODE_SIGN_IDENTITY = "iPhone Developer";
				COPY_PHASE_STRIP = NO;
				DEBUG_INFORMATION_FORMAT = dwarf;
				ENABLE_STRICT_OBJC_MSGSEND = YES;
				ENABLE_TESTABILITY = YES;
				GCC_C_LANGUAGE_STANDARD = gnu11;
				GCC_DYNAMIC_NO_PIC = NO;
				GCC_NO_COMMON_BLOCKS = YES;
				GCC_OPTIMIZATION_LEVEL = 0;
				GCC_PREPROCESSOR_DEFINITIONS = (
					"DEBUG=1",
					"$(inherited)",
				);
				GCC_WARN_64_TO_32_BIT_CONVERSION = YES;
				GCC_WARN_ABOUT_RETURN_TYPE = YES_ERROR;
				GCC_WARN_UNDECLARED_SELECTOR = YES;
				GCC_WARN_UNINITIALIZED_AUTOS = YES_AGGRESSIVE;
				GCC_WARN_UNUSED_FUNCTION = YES;
				GCC_WARN_UNUSED_VARIABLE = YES;
				IPHONEOS_DEPLOYMENT_TARGET = 11.3;
				MTL_ENABLE_DEBUG_INFO = YES;
				ONLY_ACTIVE_ARCH = YES;
				SDKROOT = iphoneos;
				SWIFT_ACTIVE_COMPILATION_CONDITIONS = DEBUG;
				SWIFT_OPTIMIZATION_LEVEL = "-Onone";
			};
			name = Debug;
		};
		EEBCE05520887C070033D5E7 /* Release */ = {
			isa = XCBuildConfiguration;
			buildSettings = {
				ALWAYS_SEARCH_USER_PATHS = NO;
				CLANG_ANALYZER_NONNULL = YES;
				CLANG_ANALYZER_NUMBER_OBJECT_CONVERSION = YES_AGGRESSIVE;
				CLANG_CXX_LANGUAGE_STANDARD = "gnu++14";
				CLANG_CXX_LIBRARY = "libc++";
				CLANG_ENABLE_MODULES = YES;
				CLANG_ENABLE_OBJC_ARC = YES;
				CLANG_ENABLE_OBJC_WEAK = YES;
				CLANG_WARN_BLOCK_CAPTURE_AUTORELEASING = YES;
				CLANG_WARN_BOOL_CONVERSION = YES;
				CLANG_WARN_COMMA = YES;
				CLANG_WARN_CONSTANT_CONVERSION = YES;
				CLANG_WARN_DEPRECATED_OBJC_IMPLEMENTATIONS = YES;
				CLANG_WARN_DIRECT_OBJC_ISA_USAGE = YES_ERROR;
				CLANG_WARN_DOCUMENTATION_COMMENTS = YES;
				CLANG_WARN_EMPTY_BODY = YES;
				CLANG_WARN_ENUM_CONVERSION = YES;
				CLANG_WARN_INFINITE_RECURSION = YES;
				CLANG_WARN_INT_CONVERSION = YES;
				CLANG_WARN_NON_LITERAL_NULL_CONVERSION = YES;
				CLANG_WARN_OBJC_IMPLICIT_RETAIN_SELF = YES;
				CLANG_WARN_OBJC_LITERAL_CONVERSION = YES;
				CLANG_WARN_OBJC_ROOT_CLASS = YES_ERROR;
				CLANG_WARN_RANGE_LOOP_ANALYSIS = YES;
				CLANG_WARN_STRICT_PROTOTYPES = YES;
				CLANG_WARN_SUSPICIOUS_MOVE = YES;
				CLANG_WARN_UNGUARDED_AVAILABILITY = YES_AGGRESSIVE;
				CLANG_WARN_UNREACHABLE_CODE = YES;
				CLANG_WARN__DUPLICATE_METHOD_MATCH = YES;
				CODE_SIGN_IDENTITY = "iPhone Developer";
				COPY_PHASE_STRIP = NO;
				DEBUG_INFORMATION_FORMAT = "dwarf-with-dsym";
				ENABLE_NS_ASSERTIONS = NO;
				ENABLE_STRICT_OBJC_MSGSEND = YES;
				GCC_C_LANGUAGE_STANDARD = gnu11;
				GCC_NO_COMMON_BLOCKS = YES;
				GCC_WARN_64_TO_32_BIT_CONVERSION = YES;
				GCC_WARN_ABOUT_RETURN_TYPE = YES_ERROR;
				GCC_WARN_UNDECLARED_SELECTOR = YES;
				GCC_WARN_UNINITIALIZED_AUTOS = YES_AGGRESSIVE;
				GCC_WARN_UNUSED_FUNCTION = YES;
				GCC_WARN_UNUSED_VARIABLE = YES;
				IPHONEOS_DEPLOYMENT_TARGET = 11.3;
				MTL_ENABLE_DEBUG_INFO = NO;
				SDKROOT = iphoneos;
				SWIFT_COMPILATION_MODE = wholemodule;
				SWIFT_OPTIMIZATION_LEVEL = "-O";
				VALIDATE_PRODUCT = YES;
			};
			name = Release;
		};
		EEBCE05720887C070033D5E7 /* Debug */ = {
			isa = XCBuildConfiguration;
			buildSettings = {
				ASSETCATALOG_COMPILER_APPICON_NAME = AppIcon;
				CODE_SIGN_STYLE = Automatic;
				INFOPLIST_FILE = Wish_List/Info.plist;
				LD_RUNPATH_SEARCH_PATHS = (
					"$(inherited)",
					"@executable_path/Frameworks",
				);
				PRODUCT_BUNDLE_IDENTIFIER = "tester.Wish-List";
				PRODUCT_NAME = "$(TARGET_NAME)";
				SWIFT_VERSION = 4.0;
				TARGETED_DEVICE_FAMILY = "1,2";
			};
			name = Debug;
		};
		EEBCE05820887C070033D5E7 /* Release */ = {
			isa = XCBuildConfiguration;
			buildSettings = {
				ASSETCATALOG_COMPILER_APPICON_NAME = AppIcon;
				CODE_SIGN_STYLE = Automatic;
				INFOPLIST_FILE = Wish_List/Info.plist;
				LD_RUNPATH_SEARCH_PATHS = (
					"$(inherited)",
					"@executable_path/Frameworks",
				);
				PRODUCT_BUNDLE_IDENTIFIER = "tester.Wish-List";
				PRODUCT_NAME = "$(TARGET_NAME)";
				SWIFT_VERSION = 4.0;
				TARGETED_DEVICE_FAMILY = "1,2";
			};
			name = Release;
		};
		EEBCE05A20887C070033D5E7 /* Debug */ = {
			isa = XCBuildConfiguration;
			buildSettings = {
				ALWAYS_EMBED_SWIFT_STANDARD_LIBRARIES = YES;
				BUNDLE_LOADER = "$(TEST_HOST)";
				CODE_SIGN_STYLE = Automatic;
				INFOPLIST_FILE = Wish_ListTests/Info.plist;
				LD_RUNPATH_SEARCH_PATHS = (
					"$(inherited)",
					"@executable_path/Frameworks",
					"@loader_path/Frameworks",
				);
				PRODUCT_BUNDLE_IDENTIFIER = "tester.Wish-ListTests";
				PRODUCT_NAME = "$(TARGET_NAME)";
				SWIFT_VERSION = 4.0;
				TARGETED_DEVICE_FAMILY = "1,2";
				TEST_HOST = "$(BUILT_PRODUCTS_DIR)/Wish_List.app/Wish_List";
			};
			name = Debug;
		};
		EEBCE05B20887C070033D5E7 /* Release */ = {
			isa = XCBuildConfiguration;
			buildSettings = {
				ALWAYS_EMBED_SWIFT_STANDARD_LIBRARIES = YES;
				BUNDLE_LOADER = "$(TEST_HOST)";
				CODE_SIGN_STYLE = Automatic;
				INFOPLIST_FILE = Wish_ListTests/Info.plist;
				LD_RUNPATH_SEARCH_PATHS = (
					"$(inherited)",
					"@executable_path/Frameworks",
					"@loader_path/Frameworks",
				);
				PRODUCT_BUNDLE_IDENTIFIER = "tester.Wish-ListTests";
				PRODUCT_NAME = "$(TARGET_NAME)";
				SWIFT_VERSION = 4.0;
				TARGETED_DEVICE_FAMILY = "1,2";
				TEST_HOST = "$(BUILT_PRODUCTS_DIR)/Wish_List.app/Wish_List";
			};
			name = Release;
		};
		EEBCE05D20887C070033D5E7 /* Debug */ = {
			isa = XCBuildConfiguration;
			buildSettings = {
				ALWAYS_EMBED_SWIFT_STANDARD_LIBRARIES = YES;
				CODE_SIGN_STYLE = Automatic;
				INFOPLIST_FILE = Wish_ListUITests/Info.plist;
				LD_RUNPATH_SEARCH_PATHS = (
					"$(inherited)",
					"@executable_path/Frameworks",
					"@loader_path/Frameworks",
				);
				PRODUCT_BUNDLE_IDENTIFIER = "tester.Wish-ListUITests";
				PRODUCT_NAME = "$(TARGET_NAME)";
				SWIFT_VERSION = 4.0;
				TARGETED_DEVICE_FAMILY = "1,2";
				TEST_TARGET_NAME = Wish_List;
			};
			name = Debug;
		};
		EEBCE05E20887C070033D5E7 /* Release */ = {
			isa = XCBuildConfiguration;
			buildSettings = {
				ALWAYS_EMBED_SWIFT_STANDARD_LIBRARIES = YES;
				CODE_SIGN_STYLE = Automatic;
				INFOPLIST_FILE = Wish_ListUITests/Info.plist;
				LD_RUNPATH_SEARCH_PATHS = (
					"$(inherited)",
					"@executable_path/Frameworks",
					"@loader_path/Frameworks",
				);
				PRODUCT_BUNDLE_IDENTIFIER = "tester.Wish-ListUITests";
				PRODUCT_NAME = "$(TARGET_NAME)";
				SWIFT_VERSION = 4.0;
				TARGETED_DEVICE_FAMILY = "1,2";
				TEST_TARGET_NAME = Wish_List;
			};
			name = Release;
		};
/* End XCBuildConfiguration section */

/* Begin XCConfigurationList section */
		EEBCE02920887C060033D5E7 /* Build configuration list for PBXProject "Wish_List" */ = {
			isa = XCConfigurationList;
			buildConfigurations = (
				EEBCE05420887C070033D5E7 /* Debug */,
				EEBCE05520887C070033D5E7 /* Release */,
			);
			defaultConfigurationIsVisible = 0;
			defaultConfigurationName = Release;
		};
		EEBCE05620887C070033D5E7 /* Build configuration list for PBXNativeTarget "Wish_List" */ = {
			isa = XCConfigurationList;
			buildConfigurations = (
				EEBCE05720887C070033D5E7 /* Debug */,
				EEBCE05820887C070033D5E7 /* Release */,
			);
			defaultConfigurationIsVisible = 0;
			defaultConfigurationName = Release;
		};
		EEBCE05920887C070033D5E7 /* Build configuration list for PBXNativeTarget "Wish_ListTests" */ = {
			isa = XCConfigurationList;
			buildConfigurations = (
				EEBCE05A20887C070033D5E7 /* Debug */,
				EEBCE05B20887C070033D5E7 /* Release */,
			);
			defaultConfigurationIsVisible = 0;
			defaultConfigurationName = Release;
		};
		EEBCE05C20887C070033D5E7 /* Build configuration list for PBXNativeTarget "Wish_ListUITests" */ = {
			isa = XCConfigurationList;
			buildConfigurations = (
				EEBCE05D20887C070033D5E7 /* Debug */,
				EEBCE05E20887C070033D5E7 /* Release */,
			);
			defaultConfigurationIsVisible = 0;
			defaultConfigurationName = Release;
		};
/* End XCConfigurationList section */
	};
	rootObject = EEBCE02620887C060033D5E7 /* Project object */;
}
